Microsoft Visual Studio Solution File, Format Version 12.00
# Visual Studio Version 17
VisualStudioVersion = 17.5.2.0
MinimumVisualStudioVersion = 10.0.40219.1
Project("{2150E333-8FDC-42A3-9474-1A3956D46DE8}") = "Build", "Build", "{DEE5DD87-39C1-BF34-B639-A387DCCF972B}"
EndProject
Project("{2150E333-8FDC-42A3-9474-1A3956D46DE8}") = "adapters", "adapters", "{C6C7E92B-E5B0-3F0D-7880-3BC36B8DC6D7}"
EndProject
Project("{2150E333-8FDC-42A3-9474-1A3956D46DE8}") = "csharp", "csharp", "{46232702-1256-C485-F2E8-BCC23B462698}"
EndProject
Project("{2150E333-8FDC-42A3-9474-1A3956D46DE8}") = "tools", "tools", "{6FAE2F03-9812-3E6F-F767-C142DA20DA88}"
EndProject
Project("{FAE04EC0-301F-11D3-BF4B-00C04F79EFBC}") = "extractor", "Build\adapters\csharp\tools\extractor\extractor.csproj", "{AEA5C473-46D0-E607-5244-EA974B5274AF}"
EndProject
Project("{2150E333-8FDC-42A3-9474-1A3956D46DE8}") = "Saikuro", "Saikuro", "{883E21C3-A9A0-ED99-3EB4-63556BB3E8C3}"
EndProject
Project("{2150E333-8FDC-42A3-9474-1A3956D46DE8}") = "tests", "tests", "{11C1038E-256E-7BA7-AACE-7BC4F3F68F36}"
EndProject
Project("{FAE04EC0-301F-11D3-BF4B-00C04F79EFBC}") = "Saikuro.Tests", "Build\adapters\csharp\Saikuro\tests\Saikuro.Tests.csproj", "{762052E1-504E-91CD-4FDB-7C724F0E474D}"
EndProject
Project("{2150E333-8FDC-42A3-9474-1A3956D46DE8}") = "src", "src", "{60026636-C3E5-D925-8F0D-BCC370B31885}"
EndProject
Project("{FAE04EC0-301F-11D3-BF4B-00C04F79EFBC}") = "Saikuro", "Build\adapters\csharp\Saikuro\src\Saikuro.csproj", "{C368640B-CAB5-7A60-2E42-1DEC9BE5B929}"
EndProject
Global
	GlobalSection(SolutionConfigurationPlatforms) = preSolution
		Debug|Any CPU = Debug|Any CPU
		Release|Any CPU = Release|Any CPU
	EndGlobalSection
	GlobalSection(ProjectConfigurationPlatforms) = postSolution
		{AEA5C473-46D0-E607-5244-EA974B5274AF}.Debug|Any CPU.ActiveCfg = Debug|Any CPU
		{AEA5C473-46D0-E607-5244-EA974B5274AF}.Debug|Any CPU.Build.0 = Debug|Any CPU
		{AEA5C473-46D0-E607-5244-EA974B5274AF}.Release|Any CPU.ActiveCfg = Release|Any CPU
		{AEA5C473-46D0-E607-5244-EA974B5274AF}.Release|Any CPU.Build.0 = Release|Any CPU
		{762052E1-504E-91CD-4FDB-7C724F0E474D}.Debug|Any CPU.ActiveCfg = Debug|Any CPU
		{762052E1-504E-91CD-4FDB-7C724F0E474D}.Debug|Any CPU.Build.0 = Debug|Any CPU
		{762052E1-504E-91CD-4FDB-7C724F0E474D}.Release|Any CPU.ActiveCfg = Release|Any CPU
		{762052E1-504E-91CD-4FDB-7C724F0E474D}.Release|Any CPU.Build.0 = Release|Any CPU
		{C368640B-CAB5-7A60-2E42-1DEC9BE5B929}.Debug|Any CPU.ActiveCfg = Debug|Any CPU
		{C368640B-CAB5-7A60-2E42-1DEC9BE5B929}.Debug|Any CPU.Build.0 = Debug|Any CPU
		{C368640B-CAB5-7A60-2E42-1DEC9BE5B929}.Release|Any CPU.ActiveCfg = Release|Any CPU
		{C368640B-CAB5-7A60-2E42-1DEC9BE5B929}.Release|Any CPU.Build.0 = Release|Any CPU
	EndGlobalSection
	GlobalSection(SolutionProperties) = preSolution
		HideSolutionNode = FALSE
	EndGlobalSection
	GlobalSection(NestedProjects) = preSolution
		{C6C7E92B-E5B0-3F0D-7880-3BC36B8DC6D7} = {DEE5DD87-39C1-BF34-B639-A387DCCF972B}
		{46232702-1256-C485-F2E8-BCC23B462698} = {C6C7E92B-E5B0-3F0D-7880-3BC36B8DC6D7}
		{6FAE2F03-9812-3E6F-F767-C142DA20DA88} = {46232702-1256-C485-F2E8-BCC23B462698}
		{AEA5C473-46D0-E607-5244-EA974B5274AF} = {6FAE2F03-9812-3E6F-F767-C142DA20DA88}
		{883E21C3-A9A0-ED99-3EB4-63556BB3E8C3} = {46232702-1256-C485-F2E8-BCC23B462698}
		{11C1038E-256E-7BA7-AACE-7BC4F3F68F36} = {883E21C3-A9A0-ED99-3EB4-63556BB3E8C3}
		{762052E1-504E-91CD-4FDB-7C724F0E474D} = {11C1038E-256E-7BA7-AACE-7BC4F3F68F36}
		{60026636-C3E5-D925-8F0D-BCC370B31885} = {883E21C3-A9A0-ED99-3EB4-63556BB3E8C3}
		{C368640B-CAB5-7A60-2E42-1DEC9BE5B929} = {60026636-C3E5-D925-8F0D-BCC370B31885}
	EndGlobalSection
	GlobalSection(ExtensibilityGlobals) = postSolution
		SolutionGuid = {1D655182-115C-4180-8DDF-9BC2EB3A05E5}
	EndGlobalSection
EndGlobal
